
Microsoft Visual Studio Solution File, Format Version 12.00
# Visual Studio Version 16
VisualStudioVersion = 16.0.31410.357
MinimumVisualStudioVersion = 10.0.40219.1
Project("{FAE04EC0-301F-11D3-BF4B-00C04F79EFBC}") = "ProjectPetr2.0", "ProjectPetr2.0.csproj", "{DBDD59D3-FC85-4FE9-8CBF-BA7804A6EA8B}"
EndProject
Global
	GlobalSection(SolutionConfigurationPlatforms) = preSolution
		Debug|Any CPU = Debug|Any CPU
		Release|Any CPU = Release|Any CPU
	EndGlobalSection
	GlobalSection(ProjectConfigurationPlatforms) = postSolution
		{DBDD59D3-FC85-4FE9-8CBF-BA7804A6EA8B}.Debug|Any CPU.ActiveCfg = Debug|Any CPU
		{DBDD59D3-FC85-4FE9-8CBF-BA7804A6EA8B}.Debug|Any CPU.Build.0 = Debug|Any CPU
		{DBDD59D3-FC85-4FE9-8CBF-BA7804A6EA8B}.Release|Any CPU.ActiveCfg = Release|Any CPU
		{DBDD59D3-FC85-4FE9-8CBF-BA7804A6EA8B}.Release|Any CPU.Build.0 = Release|Any CPU
	EndGlobalSection
	GlobalSection(SolutionProperties) = preSolution
		HideSolutionNode = FALSE
	EndGlobalSection
	GlobalSection(ExtensibilityGlobals) = postSolution
		SolutionGuid = {162AA3C2-AD83-4820-BCCF-FCA3EF23C1A8}
	EndGlobalSection
EndGlobal
